// !$*UTF8*$!
{
	archiveVersion = 1;
	classes = {
	};
	objectVersion = 46;
	objects = {

/* Begin PBXBuildFile section */
		B3F27BB31DAB64A100FB3E0A /* AppDelegate.swift in Sources */ = {isa = PBXBuildFile; fileRef = B3F27BB21DAB64A100FB3E0A /* AppDelegate.swift */; };
		B3F27BB51DAB64A100FB3E0A /* ViewController.swift in Sources */ = {isa = PBXBuildFile; fileRef = B3F27BB41DAB64A100FB3E0A /* ViewController.swift */; };
		B3F27BB81DAB64A100FB3E0A /* Main.storyboard in Resources */ = {isa = PBXBuildFile; fileRef = B3F27BB61DAB64A100FB3E0A /* Main.storyboard */; };
		B3F27BBA1DAB64A100FB3E0A /* Assets.xcassets in Resources */ = {isa = PBXBuildFile; fileRef = B3F27BB91DAB64A100FB3E0A /* Assets.xcassets */; };
		B3F27BBD1DAB64A100FB3E0A /* LaunchScreen.storyboard in Resources */ = {isa = PBXBuildFile; fileRef = B3F27BBB1DAB64A100FB3E0A /* LaunchScreen.storyboard */; };
		B3F27BC61DAB6B2B00FB3E0A /* RealmSwift.framework in Frameworks */ = {isa = PBXBuildFile; fileRef = B3F27BC51DAB6B2B00FB3E0A /* RealmSwift.framework */; };
		B3F27BC91DAB6D7300FB3E0A /* Realm.framework in Frameworks */ = {isa = PBXBuildFile; fileRef = B3F27BC81DAB6D7300FB3E0A /* Realm.framework */; };
		B3F27BCB1DAB701D00FB3E0A /* DataModel.swift in Sources */ = {isa = PBXBuildFile; fileRef = B3F27BCA1DAB701D00FB3E0A /* DataModel.swift */; };
		B3F27BCD1DAB750F00FB3E0A /* Tips.csv in Resources */ = {isa = PBXBuildFile; fileRef = B3F27BCC1DAB750F00FB3E0A /* Tips.csv */; };
/* End PBXBuildFile section */

/* Begin PBXFileReference section */
		B3F27BAF1DAB64A100FB3E0A /* HealthTips.app */ = {isa = PBXFileReference; explicitFileType = wrapper.application; includeInIndex = 0; path = HealthTips.app; sourceTree = BUILT_PRODUCTS_DIR; };
		B3F27BB21DAB64A100FB3E0A /* AppDelegate.swift */ = {isa = PBXFileReference; lastKnownFileType = sourcecode.swift; path = AppDelegate.swift; sourceTree = "<group>"; };
		B3F27BB41DAB64A100FB3E0A /* ViewController.swift */ = {isa = PBXFileReference; lastKnownFileType = sourcecode.swift; path = ViewController.swift; sourceTree = "<group>"; };
		B3F27BB71DAB64A100FB3E0A /* Base */ = {isa = PBXFileReference; lastKnownFileType = file.storyboard; name = Base; path = Base.lproj/Main.storyboard; sourceTree = "<group>"; };
		B3F27BB91DAB64A100FB3E0A /* Assets.xcassets */ = {isa = PBXFileReference; lastKnownFileType = folder.assetcatalog; path = Assets.xcassets; sourceTree = "<group>"; };
		B3F27BBC1DAB64A100FB3E0A /* Base */ = {isa = PBXFileReference; lastKnownFileType = file.storyboard; name = Base; path = Base.lproj/LaunchScreen.storyboard; sourceTree = "<group>"; };
		B3F27BBE1DAB64A100FB3E0A /* Info.plist */ = {isa = PBXFileReference; lastKnownFileType = text.plist.xml; path = Info.plist; sourceTree = "<group>"; };
		B3F27BC51DAB6B2B00FB3E0A /* RealmSwift.framework */ = {isa = PBXFileReference; lastKnownFileType = wrapper.framework; name = RealmSwift.framework; path = Carthage/Build/iOS/RealmSwift.framework; sourceTree = "<group>"; };
		B3F27BC81DAB6D7300FB3E0A /* Realm.framework */ = {isa = PBXFileReference; lastKnownFileType = wrapper.framework; name = Realm.framework; path = Carthage/Build/iOS/Realm.framework; sourceTree = "<group>"; };
		B3F27BCA1DAB701D00FB3E0A /* DataModel.swift */ = {isa = PBXFileReference; fileEncoding = 4; lastKnownFileType = sourcecode.swift; path = DataModel.swift; sourceTree = "<group>"; };
		B3F27BCC1DAB750F00FB3E0A /* Tips.csv */ = {isa = PBXFileReference; fileEncoding = 4; lastKnownFileType = text; path = Tips.csv; sourceTree = "<group>"; };
/* End PBXFileReference section */

/* Begin PBXFrameworksBuildPhase section */
		B3F27BAC1DAB64A100FB3E0A /* Frameworks */ = {
			isa = PBXFrameworksBuildPhase;
			buildActionMask = 2147483647;
			files = (
				B3F27BC91DAB6D7300FB3E0A /* Realm.framework in Frameworks */,
				B3F27BC61DAB6B2B00FB3E0A /* RealmSwift.framework in Frameworks */,
			);
			runOnlyForDeploymentPostprocessing = 0;
		};
/* End PBXFrameworksBuildPhase section */

/* Begin PBXGroup section */
		B3F27BA61DAB64A100FB3E0A = {
			isa = PBXGroup;
			children = (
				B3F27BB11DAB64A100FB3E0A /* HealthTips */,
				B3F27BB01DAB64A100FB3E0A /* Products */,
				B3F27BC41DAB6B2B00FB3E0A /* Frameworks */,
			);
			sourceTree = "<group>";
		};
		B3F27BB01DAB64A100FB3E0A /* Products */ = {
			isa = PBXGroup;
			children = (
				B3F27BAF1DAB64A100FB3E0A /* HealthTips.app */,
			);
			name = Products;
			sourceTree = "<group>";
		};
		B3F27BB11DAB64A100FB3E0A /* HealthTips */ = {
			isa = PBXGroup;
			children = (
				B3F27BB21DAB64A100FB3E0A /* AppDelegate.swift */,
				B3F27BB41DAB64A100FB3E0A /* ViewController.swift */,
				B3F27BCA1DAB701D00FB3E0A /* DataModel.swift */,
				B3F27BB61DAB64A100FB3E0A /* Main.storyboard */,
				B3F27BB91DAB64A100FB3E0A /* Assets.xcassets */,
				B3F27BBB1DAB64A100FB3E0A /* LaunchScreen.storyboard */,
				B3F27BBE1DAB64A100FB3E0A /* Info.plist */,
				B3F27BCC1DAB750F00FB3E0A /* Tips.csv */,
			);
			path = HealthTips;
			sourceTree = "<group>";
		};
		B3F27BC41DAB6B2B00FB3E0A /* Frameworks */ = {
			isa = PBXGroup;
			children = (
				B3F27BC81DAB6D7300FB3E0A /* Realm.framework */,
				B3F27BC51DAB6B2B00FB3E0A /* RealmSwift.framework */,
			);
			name = Frameworks;
			sourceTree = "<group>";
		};
/* End PBXGroup section */

/* Begin PBXNativeTarget section */
		B3F27BAE1DAB64A100FB3E0A /* HealthTips */ = {
			isa = PBXNativeTarget;
			buildConfigurationList = B3F27BC11DAB64A100FB3E0A /* Build configuration list for PBXNativeTarget "HealthTips" */;
			buildPhases = (
				B3F27BAB1DAB64A100FB3E0A /* Sources */,
				B3F27BAC1DAB64A100FB3E0A /* Frameworks */,
				B3F27BAD1DAB64A100FB3E0A /* Resources */,
				B3F27BC71DAB6B5B00FB3E0A /* ShellScript */,
			);
			buildRules = (
			);
			dependencies = (
			);
			name = HealthTips;
			productName = HealthTips;
			productReference = B3F27BAF1DAB64A100FB3E0A /* HealthTips.app */;
			productType = "com.apple.product-type.application";
		};
/* End PBXNativeTarget section */

/* Begin PBXProject section */
		B3F27BA71DAB64A100FB3E0A /* Project object */ = {
			isa = PBXProject;
			attributes = {
				LastSwiftUpdateCheck = 0800;
				LastUpgradeCheck = 0800;
				ORGANIZATIONNAME = Zeeshan;
				TargetAttributes = {
					B3F27BAE1DAB64A100FB3E0A = {
						CreatedOnToolsVersion = 8.0;
						DevelopmentTeam = D4S2X6D6DH;
						ProvisioningStyle = Automatic;
					};
				};
			};
			buildConfigurationList = B3F27BAA1DAB64A100FB3E0A /* Build configuration list for PBXProject "HealthTips" */;
			compatibilityVersion = "Xcode 3.2";
			developmentRegion = English;
			hasScannedForEncodings = 0;
			knownRegions = (
				en,
				Base,
			);
			mainGroup = B3F27BA61DAB64A100FB3E0A;
			productRefGroup = B3F27BB01DAB64A100FB3E0A /* Products */;
			projectDirPath = "";
			projectRoot = "";
			targets = (
				B3F27BAE1DAB64A100FB3E0A /* HealthTips */,
			);
		};
/* End PBXProject section */

/* Begin PBXResourcesBuildPhase section */
		B3F27BAD1DAB64A100FB3E0A /* Resources */ = {
			isa = PBXResourcesBuildPhase;
			buildActionMask = 2147483647;
			files = (
				B3F27BBD1DAB64A100FB3E0A /* LaunchScreen.storyboard in Resources */,
				B3F27BBA1DAB64A100FB3E0A /* Assets.xcassets in Resources */,
				B3F27BCD1DAB750F00FB3E0A /* Tips.csv in Resources */,
				B3F27BB81DAB64A100FB3E0A /* Main.storyboard in Resources */,
			);
			runOnlyForDeploymentPostprocessing = 0;
		};
/* End PBXResourcesBuildPhase section */

/* Begin PBXShellScriptBuildPhase section */
		B3F27BC71DAB6B5B00FB3E0A /* ShellScript */ = {
			isa = PBXShellScriptBuildPhase;
			buildActionMask = 2147483647;
			files = (
			);
			inputPaths = (
				"$(SRCROOT)/Carthage/Build/iOS/RealmSwift.framework",
				"$(SRCROOT)/Carthage/Build/iOS/Realm.framework",
			);
			outputPaths = (
			);
			runOnlyForDeploymentPostprocessing = 0;
			shellPath = /bin/sh;
			shellScript = "/usr/local/bin/carthage copy-frameworks";
		};
/* End PBXShellScriptBuildPhase section */

/* Begin PBXSourcesBuildPhase section */
		B3F27BAB1DAB64A100FB3E0A /* Sources */ = {
			isa = PBXSourcesBuildPhase;
			buildActionMask = 2147483647;
			files = (
				B3F27BB51DAB64A100FB3E0A /* ViewController.swift in Sources */,
				B3F27BB31DAB64A100FB3E0A /* AppDelegate.swift in Sources */,
				B3F27BCB1DAB701D00FB3E0A /* DataModel.swift in Sources */,
			);
			runOnlyForDeploymentPostprocessing = 0;
		};
/* End PBXSourcesBuildPhase section */

/* Begin PBXVariantGroup section */
		B3F27BB61DAB64A100FB3E0A /* Main.storyboard */ = {
			isa = PBXVariantGroup;
			children = (
				B3F27BB71DAB64A100FB3E0A /* Base */,
			);
			name = Main.storyboard;
			sourceTree = "<group>";
		};
		B3F27BBB1DAB64A100FB3E0A /* LaunchScreen.storyboard */ = {
			isa = PBXVariantGroup;
			children = (
				B3F27BBC1DAB64A100FB3E0A /* Base */,
			);
			name = LaunchScreen.storyboard;
			sourceTree = "<group>";
		};
/* End PBXVariantGroup section */

/* Begin XCBuildConfiguration section */
		B3F27BBF1DAB64A100FB3E0A /* Debug */ = {
			isa = XCBuildConfiguration;
			buildSettings = {
				ALWAYS_EMBED_SWIFT_STANDARD_LIBRARIES = YES;
				ALWAYS_SEARCH_USER_PATHS = NO;
				CLANG_ANALYZER_NONNULL = YES;
				CLANG_CXX_LANGUAGE_STANDARD = "gnu++0x";
				CLANG_CXX_LIBRARY = "libc++";
				CLANG_ENABLE_MODULES = YES;
				CLANG_ENABLE_OBJC_ARC = YES;
				CLANG_WARN_BOOL_CONVERSION = YES;
				CLANG_WARN_CONSTANT_CONVERSION = YES;
				CLANG_WARN_DIRECT_OBJC_ISA_USAGE = YES_ERROR;
				CLANG_WARN_DOCUMENTATION_COMMENTS = YES;
				CLANG_WARN_EMPTY_BODY = YES;
				CLANG_WARN_ENUM_CONVERSION = YES;
				CLANG_WARN_INFINITE_RECURSION = YES;
				CLANG_WARN_INT_CONVERSION = YES;
				CLANG_WARN_OBJC_ROOT_CLASS = YES_ERROR;
				CLANG_WARN_SUSPICIOUS_MOVES = YES;
				CLANG_WARN_UNREACHABLE_CODE = YES;
				CLANG_WARN__DUPLICATE_METHOD_MATCH = YES;
				"CODE_SIGN_IDENTITY[sdk=iphoneos*]" = "iPhone Developer";
				COPY_PHASE_STRIP = NO;
				DEBUG_INFORMATION_FORMAT = dwarf;
				ENABLE_STRICT_OBJC_MSGSEND = YES;
				ENABLE_TESTABILITY = YES;
				GCC_C_LANGUAGE_STANDARD = gnu99;
				GCC_DYNAMIC_NO_PIC = NO;
				GCC_NO_COMMON_BLOCKS = YES;
				GCC_OPTIMIZATION_LEVEL = 0;
				GCC_PREPROCESSOR_DEFINITIONS = (
					"DEBUG=1",
					"$(inherited)",
				);
				GCC_WARN_64_TO_32_BIT_CONVERSION = YES;
				GCC_WARN_ABOUT_RETURN_TYPE = YES_ERROR;
				GCC_WARN_UNDECLARED_SELECTOR = YES;
				GCC_WARN_UNINITIALIZED_AUTOS = YES_AGGRESSIVE;
				GCC_WARN_UNUSED_FUNCTION = YES;
				GCC_WARN_UNUSED_VARIABLE = YES;
				IPHONEOS_DEPLOYMENT_TARGET = 10.0;
				MTL_ENABLE_DEBUG_INFO = YES;
				ONLY_ACTIVE_ARCH = YES;
				SDKROOT = iphoneos;
				SWIFT_ACTIVE_COMPILATION_CONDITIONS = DEBUG;
				SWIFT_OPTIMIZATION_LEVEL = "-Onone";
			};
			name = Debug;
		};
		B3F27BC01DAB64A100FB3E0A /* Release */ = {
			isa = XCBuildConfiguration;
			buildSettings = {
				ALWAYS_EMBED_SWIFT_STANDARD_LIBRARIES = YES;
				ALWAYS_SEARCH_USER_PATHS = NO;
				CLANG_ANALYZER_NONNULL = YES;
				CLANG_CXX_LANGUAGE_STANDARD = "gnu++0x";
				CLANG_CXX_LIBRARY = "libc++";
				CLANG_ENABLE_MODULES = YES;
				CLANG_ENABLE_OBJC_ARC = YES;
				CLANG_WARN_BOOL_CONVERSION = YES;
				CLANG_WARN_CONSTANT_CONVERSION = YES;
				CLANG_WARN_DIRECT_OBJC_ISA_USAGE = YES_ERROR;
				CLANG_WARN_DOCUMENTATION_COMMENTS = YES;
				CLANG_WARN_EMPTY_BODY = YES;
				CLANG_WARN_ENUM_CONVERSION = YES;
				CLANG_WARN_INFINITE_RECURSION = YES;
				CLANG_WARN_INT_CONVERSION = YES;
				CLANG_WARN_OBJC_ROOT_CLASS = YES_ERROR;
				CLANG_WARN_SUSPICIOUS_MOVES = YES;
				CLANG_WARN_UNREACHABLE_CODE = YES;
				CLANG_WARN__DUPLICATE_METHOD_MATCH = YES;
				"CODE_SIGN_IDENTITY[sdk=iphoneos*]" = "iPhone Developer";
				COPY_PHASE_STRIP = NO;
				DEBUG_INFORMATION_FORMAT = "dwarf-with-dsym";
				ENABLE_NS_ASSERTIONS = NO;
				ENABLE_STRICT_OBJC_MSGSEND = YES;
				GCC_C_LANGUAGE_STANDARD = gnu99;
				GCC_NO_COMMON_BLOCKS = YES;
				GCC_WARN_64_TO_32_BIT_CONVERSION = YES;
				GCC_WARN_ABOUT_RETURN_TYPE = YES_ERROR;
				GCC_WARN_UNDECLARED_SELECTOR = YES;
				GCC_WARN_UNINITIALIZED_AUTOS = YES_AGGRESSIVE;
				GCC_WARN_UNUSED_FUNCTION = YES;
				GCC_WARN_UNUSED_VARIABLE = YES;
				IPHONEOS_DEPLOYMENT_TARGET = 10.0;
				MTL_ENABLE_DEBUG_INFO = NO;
				SDKROOT = iphoneos;
				SWIFT_OPTIMIZATION_LEVEL = "-Owholemodule";
				VALIDATE_PRODUCT = YES;
			};
			name = Release;
		};
		B3F27BC21DAB64A100FB3E0A /* Debug */ = {
			isa = XCBuildConfiguration;
			buildSettings = {
				ALWAYS_EMBED_SWIFT_STANDARD_LIBRARIES = NO;
				ASSETCATALOG_COMPILER_APPICON_NAME = AppIcon;
				DEVELOPMENT_TEAM = D4S2X6D6DH;
				FRAMEWORK_SEARCH_PATHS = (
					"$(inherited)",
					"$(PROJECT_DIR)/Carthage/Build/iOS",
				);
				INFOPLIST_FILE = HealthTips/Info.plist;
				LD_RUNPATH_SEARCH_PATHS = "$(inherited) @executable_path/Frameworks";
				PRODUCT_BUNDLE_IDENTIFIER = zeeshan.HealthTips;
				PRODUCT_NAME = "$(TARGET_NAME)";
				SWIFT_VERSION = 3.0;
			};
			name = Debug;
		};
		B3F27BC31DAB64A100FB3E0A /* Release */ = {
			isa = XCBuildConfiguration;
			buildSettings = {
				ALWAYS_EMBED_SWIFT_STANDARD_LIBRARIES = NO;
				ASSETCATALOG_COMPILER_APPICON_NAME = AppIcon;
				DEVELOPMENT_TEAM = D4S2X6D6DH;
				FRAMEWORK_SEARCH_PATHS = (
					"$(inherited)",
					"$(PROJECT_DIR)/Carthage/Build/iOS",
				);
				INFOPLIST_FILE = HealthTips/Info.plist;
				LD_RUNPATH_SEARCH_PATHS = "$(inherited) @executable_path/Frameworks";
				PRODUCT_BUNDLE_IDENTIFIER = zeeshan.HealthTips;
				PRODUCT_NAME = "$(TARGET_NAME)";
				SWIFT_VERSION = 3.0;
			};
			name = Release;
		};
/* End XCBuildConfiguration section */

/* Begin XCConfigurationList section */
		B3F27BAA1DAB64A100FB3E0A /* Build configuration list for PBXProject "HealthTips" */ = {
			isa = XCConfigurationList;
			buildConfigurations = (
				B3F27BBF1DAB64A100FB3E0A /* Debug */,
				B3F27BC01DAB64A100FB3E0A /* Release */,
			);
			defaultConfigurationIsVisible = 0;
			defaultConfigurationName = Release;
		};
		B3F27BC11DAB64A100FB3E0A /* Build configuration list for PBXNativeTarget "HealthTips" */ = {
			isa = XCConfigurationList;
			buildConfigurations = (
				B3F27BC21DAB64A100FB3E0A /* Debug */,
				B3F27BC31DAB64A100FB3E0A /* Release */,
			);
			defaultConfigurationIsVisible = 0;
			defaultConfigurationName = Release;
		};
/* End XCConfigurationList section */
	};
	rootObject = B3F27BA71DAB64A100FB3E0A /* Project object */;
}
